{
  "name": "myProject",
  "version": "1.0.0",
  "lockfileVersion": 2,
  "requires": true,
  "packages": {
    "": {
      "name": "myProject",
      "version": "1.0.0",
      "dependencies": {
        "ollama": "^0.4.6"
      }
    },
    "node_modules/ollama": {
      "version": "0.4.6",
      "resolved": "https://registry.npmjs.org/ollama/-/ollama-0.4.6.tgz",
      "integrity": "sha512-/Im2atcM9hAxOgEi7mc5pG2G+MeN4jFo1bubfCzAd8bZT6nQ3he5tr+jypGufau9+WQKY0MHhTajqKTNfnlZQA==",
      "dependencies": {
        "whatwg-fetch": "^3.6.20"
      }
    },
    "node_modules/whatwg-fetch": {
      "version": "3.6.20",
      "resolved": "https://registry.npmjs.org/whatwg-fetch/-/whatwg-fetch-3.6.20.tgz",
      "integrity": "sha512-EqhiFU6daOA8kpjOWTL0olhVOF3i7OrFzSYiGsEMB8GcXS+RrzauAERX65xMeNWVqxA6HXH2m69Z9LaKKdisfg=="
    }
  },
  "dependencies": {
    "ollama": {
      "version": "0.4.6",
      "resolved": "https://registry.npmjs.org/ollama/-/ollama-0.4.6.tgz",
      "integrity": "sha512-/Im2atcM9hAxOgEi7mc5pG2G+MeN4jFo1bubfCzAd8bZT6nQ3he5tr+jypGufau9+WQKY0MHhTajqKTNfnlZQA==",
      "requires": {
        "whatwg-fetch": "^3.6.20"
      }
    },
    "whatwg-fetch": {
      "version": "3.6.20",
      "resolved": "https://registry.npmjs.org/whatwg-fetch/-/whatwg-fetch-3.6.20.tgz",
      "integrity": "sha512-EqhiFU6daOA8kpjOWTL0olhVOF3i7OrFzSYiGsEMB8GcXS+RrzauAERX65xMeNWVqxA6HXH2m69Z9LaKKdisfg=="
    }
  }
}
